# THIS IS AN AUTOGENERATED FILE. DO NOT EDIT THIS FILE DIRECTLY.
# yarn lockfile v1


canvas-fit@^1.5.0:
  version "1.5.0"
  resolved "https://registry.yarnpkg.com/canvas-fit/-/canvas-fit-1.5.0.tgz#ae13be66ade42f5be0e487e345fce30a5e5b5e5f"
  dependencies:
    element-size "^1.1.1"

canvas-orbit-camera@^1.0.2:
  version "1.0.2"
  resolved "https://registry.yarnpkg.com/canvas-orbit-camera/-/canvas-orbit-camera-1.0.2.tgz#11a199d4efd69a2f4954700a53a03d567aa397d8"
  dependencies:
    key-pressed "0.0.1"
    mouse-position "^1.0.0"
    mouse-pressed "0.0.1"
    orbit-camera "0.0.3"
    scroll-speed "^1.0.0"

element-size@^1.1.1:
  version "1.1.1"
  resolved "https://registry.yarnpkg.com/element-size/-/element-size-1.1.1.tgz#64e5f159d97121631845bcbaecaf279c39b5e34e"

events@^1.0.0, events@^1.0.1:
  version "1.1.1"
  resolved "https://registry.yarnpkg.com/events/-/events-1.1.1.tgz#9ebdb7635ad099c70dcc4c2a1f5004288e8bd924"

gl-mat4@^1.1.4:
  version "1.1.4"
  resolved "https://registry.yarnpkg.com/gl-mat4/-/gl-mat4-1.1.4.tgz#1e895b55892e56a896867abd837d38f37a178086"

gl-matrix@^2.2.0:
  version "2.3.2"
  resolved "https://registry.yarnpkg.com/gl-matrix/-/gl-matrix-2.3.2.tgz#aac808c74af7d5db05fe04cb60ca1a0fcb174d74"

key-pressed@0.0.1:
  version "0.0.1"
  resolved "https://registry.yarnpkg.com/key-pressed/-/key-pressed-0.0.1.tgz#d682fb4c7c1042929a5bc88636728ca71220debb"
  dependencies:
    vkey "0.0.3"

mouse-position@^1.0.0:
  version "1.0.0"
  resolved "https://registry.yarnpkg.com/mouse-position/-/mouse-position-1.0.0.tgz#ff849391499d28d3977fc1639ae50d1f9aa87c99"
  dependencies:
    events "^1.0.1"

mouse-pressed@0.0.1:
  version "0.0.1"
  resolved "https://registry.yarnpkg.com/mouse-pressed/-/mouse-pressed-0.0.1.tgz#1e62ae992d7966177e5ffc49c839128e1b27b7bb"
  dependencies:
    events "^1.0.1"

orbit-camera@0.0.3:
  version "0.0.3"
  resolved "https://registry.yarnpkg.com/orbit-camera/-/orbit-camera-0.0.3.tgz#4f949d1758fb967ec2a678fdfac4cbbdca57a06f"
  dependencies:
    gl-matrix "^2.2.0"

regl@^1.3.0:
  version "1.3.0"
  resolved "https://registry.yarnpkg.com/regl/-/regl-1.3.0.tgz#ccde82eff8a8a068a559581ceacbef1afea78ebd"

scroll-speed@^1.0.0:
  version "1.0.0"
  resolved "https://registry.yarnpkg.com/scroll-speed/-/scroll-speed-1.0.0.tgz#dcfe409516e76175597b6060002b51ce72ee6ed7"
  dependencies:
    events "^1.0.0"
    wheel "0.0.0"

vkey@0.0.3:
  version "0.0.3"
  resolved "https://registry.yarnpkg.com/vkey/-/vkey-0.0.3.tgz#634dd7952eb2c11531bf1859f0e6d419478033df"

wheel@0.0.0:
  version "0.0.0"
  resolved "https://registry.yarnpkg.com/wheel/-/wheel-0.0.0.tgz#04ff9be987175deb1edd4f2482e8b657f32a4165"
